
Microsoft Visual Studio Solution File, Format Version 12.00
# Visual Studio Version 17
VisualStudioVersion = 17.11.35222.181
MinimumVisualStudioVersion = 10.0.40219.1
Project("{9A19103F-16F7-4668-BE54-9A1E7A4F7556}") = "MazeExample", "MazeExample.csproj", "{DA6E102E-837E-4A33-9D74-4250248FFFE6}"
EndProject
Project("{9A19103F-16F7-4668-BE54-9A1E7A4F7556}") = "NeuralNetwork", "..\NeuralNetwork\NeuralNetwork.csproj", "{442B5BF9-7D67-4544-8EBF-26B3DC5E93BF}"
EndProject
Project("{9A19103F-16F7-4668-BE54-9A1E7A4F7556}") = "MachineLearningExample", "..\MachineLearningExample\MachineLearningExample.csproj", "{B3678AD6-008C-425B-BB13-A0E83AAF934A}"
EndProject
Project("{9A19103F-16F7-4668-BE54-9A1E7A4F7556}") = "MachineLearningModelSelection", "..\MachineLearningModelSelection\MachineLearningModelSelection.csproj", "{7B48438E-1CA5-44B5-9967-25E0110E55B8}"
EndProject
Project("{FAE04EC0-301F-11D3-BF4B-00C04F79EFBC}") = "SentimentAnalysis", "..\SentimentAnalysis\SentimentAnalysis.csproj", "{D6108235-9797-4B3C-9F21-006C1B4A7586}"
EndProject
Project("{FAE04EC0-301F-11D3-BF4B-00C04F79EFBC}") = "ImageClassification", "..\ImageClassification\ImageClassification.csproj", "{955767CA-9261-4C8A-9FE0-D41182C1973D}"
EndProject
Project("{FAE04EC0-301F-11D3-BF4B-00C04F79EFBC}") = "Regression", "..\Regression\Regression.csproj", "{D6CA7002-1098-4E5B-A192-4BF67B7C5A88}"
EndProject
Project("{FAE04EC0-301F-11D3-BF4B-00C04F79EFBC}") = "ForecastingAI", "..\ForecastingAI\ForecastingAI.csproj", "{68C00D77-9778-40F8-A96C-AC08DAC36764}"
EndProject
Project("{FAE04EC0-301F-11D3-BF4B-00C04F79EFBC}") = "Recommendation", "..\Recommendation\Recommendation.csproj", "{8CA8356F-035B-4767-A63A-268688E62562}"
EndProject
Project("{FAE04EC0-301F-11D3-BF4B-00C04F79EFBC}") = "SentimentAnalysisAI", "..\SentimentAnalysisAI\SentimentAnalysisAI.csproj", "{10C7E3AA-6B4C-45BF-887E-5A8BB769AFBB}"
EndProject
Project("{FAE04EC0-301F-11D3-BF4B-00C04F79EFBC}") = "AnomalyDetectionAI", "..\AnomalyDetectionAI\AnomalyDetectionAI.csproj", "{D7B75ED9-34E2-47E6-BC1B-A7A326802241}"
EndProject
Global
	GlobalSection(SolutionConfigurationPlatforms) = preSolution
		Debug|Any CPU = Debug|Any CPU
		Release|Any CPU = Release|Any CPU
	EndGlobalSection
	GlobalSection(ProjectConfigurationPlatforms) = postSolution
		{DA6E102E-837E-4A33-9D74-4250248FFFE6}.Debug|Any CPU.ActiveCfg = Debug|Any CPU
		{DA6E102E-837E-4A33-9D74-4250248FFFE6}.Debug|Any CPU.Build.0 = Debug|Any CPU
		{DA6E102E-837E-4A33-9D74-4250248FFFE6}.Release|Any CPU.ActiveCfg = Release|Any CPU
		{DA6E102E-837E-4A33-9D74-4250248FFFE6}.Release|Any CPU.Build.0 = Release|Any CPU
		{442B5BF9-7D67-4544-8EBF-26B3DC5E93BF}.Debug|Any CPU.ActiveCfg = Debug|Any CPU
		{442B5BF9-7D67-4544-8EBF-26B3DC5E93BF}.Debug|Any CPU.Build.0 = Debug|Any CPU
		{442B5BF9-7D67-4544-8EBF-26B3DC5E93BF}.Release|Any CPU.ActiveCfg = Release|Any CPU
		{442B5BF9-7D67-4544-8EBF-26B3DC5E93BF}.Release|Any CPU.Build.0 = Release|Any CPU
		{B3678AD6-008C-425B-BB13-A0E83AAF934A}.Debug|Any CPU.ActiveCfg = Debug|Any CPU
		{B3678AD6-008C-425B-BB13-A0E83AAF934A}.Debug|Any CPU.Build.0 = Debug|Any CPU
		{B3678AD6-008C-425B-BB13-A0E83AAF934A}.Release|Any CPU.ActiveCfg = Release|Any CPU
		{B3678AD6-008C-425B-BB13-A0E83AAF934A}.Release|Any CPU.Build.0 = Release|Any CPU
		{7B48438E-1CA5-44B5-9967-25E0110E55B8}.Debug|Any CPU.ActiveCfg = Debug|Any CPU
		{7B48438E-1CA5-44B5-9967-25E0110E55B8}.Debug|Any CPU.Build.0 = Debug|Any CPU
		{7B48438E-1CA5-44B5-9967-25E0110E55B8}.Release|Any CPU.ActiveCfg = Release|Any CPU
		{7B48438E-1CA5-44B5-9967-25E0110E55B8}.Release|Any CPU.Build.0 = Release|Any CPU
		{D6108235-9797-4B3C-9F21-006C1B4A7586}.Debug|Any CPU.ActiveCfg = Debug|Any CPU
		{D6108235-9797-4B3C-9F21-006C1B4A7586}.Debug|Any CPU.Build.0 = Debug|Any CPU
		{D6108235-9797-4B3C-9F21-006C1B4A7586}.Release|Any CPU.ActiveCfg = Release|Any CPU
		{D6108235-9797-4B3C-9F21-006C1B4A7586}.Release|Any CPU.Build.0 = Release|Any CPU
		{955767CA-9261-4C8A-9FE0-D41182C1973D}.Debug|Any CPU.ActiveCfg = Debug|Any CPU
		{955767CA-9261-4C8A-9FE0-D41182C1973D}.Debug|Any CPU.Build.0 = Debug|Any CPU
		{955767CA-9261-4C8A-9FE0-D41182C1973D}.Release|Any CPU.ActiveCfg = Release|Any CPU
		{955767CA-9261-4C8A-9FE0-D41182C1973D}.Release|Any CPU.Build.0 = Release|Any CPU
		{D6CA7002-1098-4E5B-A192-4BF67B7C5A88}.Debug|Any CPU.ActiveCfg = Debug|Any CPU
		{D6CA7002-1098-4E5B-A192-4BF67B7C5A88}.Debug|Any CPU.Build.0 = Debug|Any CPU
		{D6CA7002-1098-4E5B-A192-4BF67B7C5A88}.Release|Any CPU.ActiveCfg = Release|Any CPU
		{D6CA7002-1098-4E5B-A192-4BF67B7C5A88}.Release|Any CPU.Build.0 = Release|Any CPU
		{68C00D77-9778-40F8-A96C-AC08DAC36764}.Debug|Any CPU.ActiveCfg = Debug|Any CPU
		{68C00D77-9778-40F8-A96C-AC08DAC36764}.Debug|Any CPU.Build.0 = Debug|Any CPU
		{68C00D77-9778-40F8-A96C-AC08DAC36764}.Release|Any CPU.ActiveCfg = Release|Any CPU
		{68C00D77-9778-40F8-A96C-AC08DAC36764}.Release|Any CPU.Build.0 = Release|Any CPU
		{8CA8356F-035B-4767-A63A-268688E62562}.Debug|Any CPU.ActiveCfg = Debug|Any CPU
		{8CA8356F-035B-4767-A63A-268688E62562}.Debug|Any CPU.Build.0 = Debug|Any CPU
		{8CA8356F-035B-4767-A63A-268688E62562}.Release|Any CPU.ActiveCfg = Release|Any CPU
		{8CA8356F-035B-4767-A63A-268688E62562}.Release|Any CPU.Build.0 = Release|Any CPU
		{10C7E3AA-6B4C-45BF-887E-5A8BB769AFBB}.Debug|Any CPU.ActiveCfg = Debug|Any CPU
		{10C7E3AA-6B4C-45BF-887E-5A8BB769AFBB}.Debug|Any CPU.Build.0 = Debug|Any CPU
		{10C7E3AA-6B4C-45BF-887E-5A8BB769AFBB}.Release|Any CPU.ActiveCfg = Release|Any CPU
		{10C7E3AA-6B4C-45BF-887E-5A8BB769AFBB}.Release|Any CPU.Build.0 = Release|Any CPU
		{D7B75ED9-34E2-47E6-BC1B-A7A326802241}.Debug|Any CPU.ActiveCfg = Debug|Any CPU
		{D7B75ED9-34E2-47E6-BC1B-A7A326802241}.Debug|Any CPU.Build.0 = Debug|Any CPU
		{D7B75ED9-34E2-47E6-BC1B-A7A326802241}.Release|Any CPU.ActiveCfg = Release|Any CPU
		{D7B75ED9-34E2-47E6-BC1B-A7A326802241}.Release|Any CPU.Build.0 = Release|Any CPU
	EndGlobalSection
	GlobalSection(SolutionProperties) = preSolution
		HideSolutionNode = FALSE
	EndGlobalSection
	GlobalSection(ExtensibilityGlobals) = postSolution
		SolutionGuid = {8C8DF24B-2196-4A96-9B9A-42436FF5E1E7}
	EndGlobalSection
EndGlobal
